// !$*UTF8*$!
{
	archiveVersion = 1;
	classes = {
	};
	objectVersion = 46;
	objects = {

/* Begin PBXBuildFile section */
		2F1D34A419BAD61000A28B44 /* Foundation.framework in Frameworks */ = {isa = PBXBuildFile; fileRef = 2F1D34A319BAD61000A28B44 /* Foundation.framework */; };
		2F1D34A619BAD61000A28B44 /* CoreGraphics.framework in Frameworks */ = {isa = PBXBuildFile; fileRef = 2F1D34A519BAD61000A28B44 /* CoreGraphics.framework */; };
		2F1D34A819BAD61000A28B44 /* UIKit.framework in Frameworks */ = {isa = PBXBuildFile; fileRef = 2F1D34A719BAD61000A28B44 /* UIKit.framework */; };
		2F1D34AE19BAD61000A28B44 /* InfoPlist.strings in Resources */ = {isa = PBXBuildFile; fileRef = 2F1D34AC19BAD61000A28B44 /* InfoPlist.strings */; };
		2F1D34B019BAD61000A28B44 /* main.m in Sources */ = {isa = PBXBuildFile; fileRef = 2F1D34AF19BAD61000A28B44 /* main.m */; };
		2F1D34B419BAD61000A28B44 /* GestureAppDelegate.m in Sources */ = {isa = PBXBuildFile; fileRef = 2F1D34B319BAD61000A28B44 /* GestureAppDelegate.m */; };
		2F1D34B719BAD61000A28B44 /* Main.storyboard in Resources */ = {isa = PBXBuildFile; fileRef = 2F1D34B519BAD61000A28B44 /* Main.storyboard */; };
		2F1D34BA19BAD61000A28B44 /* GestureViewController.m in Sources */ = {isa = PBXBuildFile; fileRef = 2F1D34B919BAD61000A28B44 /* GestureViewController.m */; };
		2F1D34BC19BAD61000A28B44 /* Images.xcassets in Resources */ = {isa = PBXBuildFile; fileRef = 2F1D34BB19BAD61000A28B44 /* Images.xcassets */; };
		2F1D34C319BAD61000A28B44 /* XCTest.framework in Frameworks */ = {isa = PBXBuildFile; fileRef = 2F1D34C219BAD61000A28B44 /* XCTest.framework */; };
		2F1D34C419BAD61000A28B44 /* Foundation.framework in Frameworks */ = {isa = PBXBuildFile; fileRef = 2F1D34A319BAD61000A28B44 /* Foundation.framework */; };
		2F1D34C519BAD61000A28B44 /* UIKit.framework in Frameworks */ = {isa = PBXBuildFile; fileRef = 2F1D34A719BAD61000A28B44 /* UIKit.framework */; };
		2F1D34CD19BAD61000A28B44 /* InfoPlist.strings in Resources */ = {isa = PBXBuildFile; fileRef = 2F1D34CB19BAD61000A28B44 /* InfoPlist.strings */; };
		2F1D34CF19BAD61000A28B44 /* GesturesTests.m in Sources */ = {isa = PBXBuildFile; fileRef = 2F1D34CE19BAD61000A28B44 /* GesturesTests.m */; };
/* End PBXBuildFile section */

/* Begin PBXContainerItemProxy section */
		2F1D34C619BAD61000A28B44 /* PBXContainerItemProxy */ = {
			isa = PBXContainerItemProxy;
			containerPortal = 2F1D349819BAD61000A28B44 /* Project object */;
			proxyType = 1;
			remoteGlobalIDString = 2F1D349F19BAD61000A28B44;
			remoteInfo = Gestures;
		};
/* End PBXContainerItemProxy section */

/* Begin PBXFileReference section */
		2F1D34A019BAD61000A28B44 /* Gestures.app */ = {isa = PBXFileReference; explicitFileType = wrapper.application; includeInIndex = 0; path = Gestures.app; sourceTree = BUILT_PRODUCTS_DIR; };
		2F1D34A319BAD61000A28B44 /* Foundation.framework */ = {isa = PBXFileReference; lastKnownFileType = wrapper.framework; name = Foundation.framework; path = System/Library/Frameworks/Foundation.framework; sourceTree = SDKROOT; };
		2F1D34A519BAD61000A28B44 /* CoreGraphics.framework */ = {isa = PBXFileReference; lastKnownFileType = wrapper.framework; name = CoreGraphics.framework; path = System/Library/Frameworks/CoreGraphics.framework; sourceTree = SDKROOT; };
		2F1D34A719BAD61000A28B44 /* UIKit.framework */ = {isa = PBXFileReference; lastKnownFileType = wrapper.framework; name = UIKit.framework; path = System/Library/Frameworks/UIKit.framework; sourceTree = SDKROOT; };
		2F1D34AB19BAD61000A28B44 /* Gestures-Info.plist */ = {isa = PBXFileReference; lastKnownFileType = text.plist.xml; path = "Gestures-Info.plist"; sourceTree = "<group>"; };
		2F1D34AD19BAD61000A28B44 /* en */ = {isa = PBXFileReference; lastKnownFileType = text.plist.strings; name = en; path = en.lproj/InfoPlist.strings; sourceTree = "<group>"; };
		2F1D34AF19BAD61000A28B44 /* main.m */ = {isa = PBXFileReference; lastKnownFileType = sourcecode.c.objc; path = main.m; sourceTree = "<group>"; };
		2F1D34B119BAD61000A28B44 /* Gestures-Prefix.pch */ = {isa = PBXFileReference; lastKnownFileType = sourcecode.c.h; path = "Gestures-Prefix.pch"; sourceTree = "<group>"; };
		2F1D34B219BAD61000A28B44 /* GestureAppDelegate.h */ = {isa = PBXFileReference; lastKnownFileType = sourcecode.c.h; path = GestureAppDelegate.h; sourceTree = "<group>"; };
		2F1D34B319BAD61000A28B44 /* GestureAppDelegate.m */ = {isa = PBXFileReference; lastKnownFileType = sourcecode.c.objc; path = GestureAppDelegate.m; sourceTree = "<group>"; };
		2F1D34B619BAD61000A28B44 /* Base */ = {isa = PBXFileReference; lastKnownFileType = file.storyboard; name = Base; path = Base.lproj/Main.storyboard; sourceTree = "<group>"; };
		2F1D34B819BAD61000A28B44 /* GestureViewController.h */ = {isa = PBXFileReference; lastKnownFileType = sourcecode.c.h; path = GestureViewController.h; sourceTree = "<group>"; };
		2F1D34B919BAD61000A28B44 /* GestureViewController.m */ = {isa = PBXFileReference; lastKnownFileType = sourcecode.c.objc; path = GestureViewController.m; sourceTree = "<group>"; };
		2F1D34BB19BAD61000A28B44 /* Images.xcassets */ = {isa = PBXFileReference; lastKnownFileType = folder.assetcatalog; path = Images.xcassets; sourceTree = "<group>"; };
		2F1D34C119BAD61000A28B44 /* GesturesTests.xctest */ = {isa = PBXFileReference; explicitFileType = wrapper.cfbundle; includeInIndex = 0; path = GesturesTests.xctest; sourceTree = BUILT_PRODUCTS_DIR; };
		2F1D34C219BAD61000A28B44 /* XCTest.framework */ = {isa = PBXFileReference; lastKnownFileType = wrapper.framework; name = XCTest.framework; path = Library/Frameworks/XCTest.framework; sourceTree = DEVELOPER_DIR; };
		2F1D34CA19BAD61000A28B44 /* GesturesTests-Info.plist */ = {isa = PBXFileReference; lastKnownFileType = text.plist.xml; path = "GesturesTests-Info.plist"; sourceTree = "<group>"; };
		2F1D34CC19BAD61000A28B44 /* en */ = {isa = PBXFileReference; lastKnownFileType = text.plist.strings; name = en; path = en.lproj/InfoPlist.strings; sourceTree = "<group>"; };
		2F1D34CE19BAD61000A28B44 /* GesturesTests.m */ = {isa = PBXFileReference; lastKnownFileType = sourcecode.c.objc; path = GesturesTests.m; sourceTree = "<group>"; };
/* End PBXFileReference section */

/* Begin PBXFrameworksBuildPhase section */
		2F1D349D19BAD61000A28B44 /* Frameworks */ = {
			isa = PBXFrameworksBuildPhase;
			buildActionMask = 2147483647;
			files = (
				2F1D34A619BAD61000A28B44 /* CoreGraphics.framework in Frameworks */,
				2F1D34A819BAD61000A28B44 /* UIKit.framework in Frameworks */,
				2F1D34A419BAD61000A28B44 /* Foundation.framework in Frameworks */,
			);
			runOnlyForDeploymentPostprocessing = 0;
		};
		2F1D34BE19BAD61000A28B44 /* Frameworks */ = {
			isa = PBXFrameworksBuildPhase;
			buildActionMask = 2147483647;
			files = (
				2F1D34C319BAD61000A28B44 /* XCTest.framework in Frameworks */,
				2F1D34C519BAD61000A28B44 /* UIKit.framework in Frameworks */,
				2F1D34C419BAD61000A28B44 /* Foundation.framework in Frameworks */,
			);
			runOnlyForDeploymentPostprocessing = 0;
		};
/* End PBXFrameworksBuildPhase section */

/* Begin PBXGroup section */
		2F1D349719BAD61000A28B44 = {
			isa = PBXGroup;
			children = (
				2F1D34A919BAD61000A28B44 /* Gestures */,
				2F1D34C819BAD61000A28B44 /* GesturesTests */,
				2F1D34A219BAD61000A28B44 /* Frameworks */,
				2F1D34A119BAD61000A28B44 /* Products */,
			);
			sourceTree = "<group>";
		};
		2F1D34A119BAD61000A28B44 /* Products */ = {
			isa = PBXGroup;
			children = (
				2F1D34A019BAD61000A28B44 /* Gestures.app */,
				2F1D34C119BAD61000A28B44 /* GesturesTests.xctest */,
			);
			name = Products;
			sourceTree = "<group>";
		};
		2F1D34A219BAD61000A28B44 /* Frameworks */ = {
			isa = PBXGroup;
			children = (
				2F1D34A319BAD61000A28B44 /* Foundation.framework */,
				2F1D34A519BAD61000A28B44 /* CoreGraphics.framework */,
				2F1D34A719BAD61000A28B44 /* UIKit.framework */,
				2F1D34C219BAD61000A28B44 /* XCTest.framework */,
			);
			name = Frameworks;
			sourceTree = "<group>";
		};
		2F1D34A919BAD61000A28B44 /* Gestures */ = {
			isa = PBXGroup;
			children = (
				2F1D34B219BAD61000A28B44 /* GestureAppDelegate.h */,
				2F1D34B319BAD61000A28B44 /* GestureAppDelegate.m */,
				2F1D34B519BAD61000A28B44 /* Main.storyboard */,
				2F1D34B819BAD61000A28B44 /* GestureViewController.h */,
				2F1D34B919BAD61000A28B44 /* GestureViewController.m */,
				2F1D34BB19BAD61000A28B44 /* Images.xcassets */,
				2F1D34AA19BAD61000A28B44 /* Supporting Files */,
			);
			path = Gestures;
			sourceTree = "<group>";
		};
		2F1D34AA19BAD61000A28B44 /* Supporting Files */ = {
			isa = PBXGroup;
			children = (
				2F1D34AB19BAD61000A28B44 /* Gestures-Info.plist */,
				2F1D34AC19BAD61000A28B44 /* InfoPlist.strings */,
				2F1D34AF19BAD61000A28B44 /* main.m */,
				2F1D34B119BAD61000A28B44 /* Gestures-Prefix.pch */,
			);
			name = "Supporting Files";
			sourceTree = "<group>";
		};
		2F1D34C819BAD61000A28B44 /* GesturesTests */ = {
			isa = PBXGroup;
			children = (
				2F1D34CE19BAD61000A28B44 /* GesturesTests.m */,
				2F1D34C919BAD61000A28B44 /* Supporting Files */,
			);
			path = GesturesTests;
			sourceTree = "<group>";
		};
		2F1D34C919BAD61000A28B44 /* Supporting Files */ = {
			isa = PBXGroup;
			children = (
				2F1D34CA19BAD61000A28B44 /* GesturesTests-Info.plist */,
				2F1D34CB19BAD61000A28B44 /* InfoPlist.strings */,
			);
			name = "Supporting Files";
			sourceTree = "<group>";
		};
/* End PBXGroup section */

/* Begin PBXNativeTarget section */
		2F1D349F19BAD61000A28B44 /* Gestures */ = {
			isa = PBXNativeTarget;
			buildConfigurationList = 2F1D34D219BAD61000A28B44 /* Build configuration list for PBXNativeTarget "Gestures" */;
			buildPhases = (
				2F1D349C19BAD61000A28B44 /* Sources */,
				2F1D349D19BAD61000A28B44 /* Frameworks */,
				2F1D349E19BAD61000A28B44 /* Resources */,
			);
			buildRules = (
			);
			dependencies = (
			);
			name = Gestures;
			productName = Gestures;
			productReference = 2F1D34A019BAD61000A28B44 /* Gestures.app */;
			productType = "com.apple.product-type.application";
		};
		2F1D34C019BAD61000A28B44 /* GesturesTests */ = {
			isa = PBXNativeTarget;
			buildConfigurationList = 2F1D34D519BAD61000A28B44 /* Build configuration list for PBXNativeTarget "GesturesTests" */;
			buildPhases = (
				2F1D34BD19BAD61000A28B44 /* Sources */,
				2F1D34BE19BAD61000A28B44 /* Frameworks */,
				2F1D34BF19BAD61000A28B44 /* Resources */,
			);
			buildRules = (
			);
			dependencies = (
				2F1D34C719BAD61000A28B44 /* PBXTargetDependency */,
			);
			name = GesturesTests;
			productName = GesturesTests;
			productReference = 2F1D34C119BAD61000A28B44 /* GesturesTests.xctest */;
			productType = "com.apple.product-type.bundle.unit-test";
		};
/* End PBXNativeTarget section */

/* Begin PBXProject section */
		2F1D349819BAD61000A28B44 /* Project object */ = {
			isa = PBXProject;
			attributes = {
				CLASSPREFIX = Gesture;
				LastUpgradeCheck = 0510;
				ORGANIZATIONNAME = "Mubashir Meddekar";
				TargetAttributes = {
					2F1D34C019BAD61000A28B44 = {
						TestTargetID = 2F1D349F19BAD61000A28B44;
					};
				};
			};
			buildConfigurationList = 2F1D349B19BAD61000A28B44 /* Build configuration list for PBXProject "Gestures" */;
			compatibilityVersion = "Xcode 3.2";
			developmentRegion = English;
			hasScannedForEncodings = 0;
			knownRegions = (
				en,
				Base,
			);
			mainGroup = 2F1D349719BAD61000A28B44;
			productRefGroup = 2F1D34A119BAD61000A28B44 /* Products */;
			projectDirPath = "";
			projectRoot = "";
			targets = (
				2F1D349F19BAD61000A28B44 /* Gestures */,
				2F1D34C019BAD61000A28B44 /* GesturesTests */,
			);
		};
/* End PBXProject section */

/* Begin PBXResourcesBuildPhase section */
		2F1D349E19BAD61000A28B44 /* Resources */ = {
			isa = PBXResourcesBuildPhase;
			buildActionMask = 2147483647;
			files = (
				2F1D34BC19BAD61000A28B44 /* Images.xcassets in Resources */,
				2F1D34AE19BAD61000A28B44 /* InfoPlist.strings in Resources */,
				2F1D34B719BAD61000A28B44 /* Main.storyboard in Resources */,
			);
			runOnlyForDeploymentPostprocessing = 0;
		};
		2F1D34BF19BAD61000A28B44 /* Resources */ = {
			isa = PBXResourcesBuildPhase;
			buildActionMask = 2147483647;
			files = (
				2F1D34CD19BAD61000A28B44 /* InfoPlist.strings in Resources */,
			);
			runOnlyForDeploymentPostprocessing = 0;
		};
/* End PBXResourcesBuildPhase section */

/* Begin PBXSourcesBuildPhase section */
		2F1D349C19BAD61000A28B44 /* Sources */ = {
			isa = PBXSourcesBuildPhase;
			buildActionMask = 2147483647;
			files = (
				2F1D34BA19BAD61000A28B44 /* GestureViewController.m in Sources */,
				2F1D34B419BAD61000A28B44 /* GestureAppDelegate.m in Sources */,
				2F1D34B019BAD61000A28B44 /* main.m in Sources */,
			);
			runOnlyForDeploymentPostprocessing = 0;
		};
		2F1D34BD19BAD61000A28B44 /* Sources */ = {
			isa = PBXSourcesBuildPhase;
			buildActionMask = 2147483647;
			files = (
				2F1D34CF19BAD61000A28B44 /* GesturesTests.m in Sources */,
			);
			runOnlyForDeploymentPostprocessing = 0;
		};
/* End PBXSourcesBuildPhase section */

/* Begin PBXTargetDependency section */
		2F1D34C719BAD61000A28B44 /* PBXTargetDependency */ = {
			isa = PBXTargetDependency;
			target = 2F1D349F19BAD61000A28B44 /* Gestures */;
			targetProxy = 2F1D34C619BAD61000A28B44 /* PBXContainerItemProxy */;
		};
/* End PBXTargetDependency section */

/* Begin PBXVariantGroup section */
		2F1D34AC19BAD61000A28B44 /* InfoPlist.strings */ = {
			isa = PBXVariantGroup;
			children = (
				2F1D34AD19BAD61000A28B44 /* en */,
			);
			name = InfoPlist.strings;
			sourceTree = "<group>";
		};
		2F1D34B519BAD61000A28B44 /* Main.storyboard */ = {
			isa = PBXVariantGroup;
			children = (
				2F1D34B619BAD61000A28B44 /* Base */,
			);
			name = Main.storyboard;
			sourceTree = "<group>";
		};
		2F1D34CB19BAD61000A28B44 /* InfoPlist.strings */ = {
			isa = PBXVariantGroup;
			children = (
				2F1D34CC19BAD61000A28B44 /* en */,
			);
			name = InfoPlist.strings;
			sourceTree = "<group>";
		};
/* End PBXVariantGroup section */

/* Begin XCBuildConfiguration section */
		2F1D34D019BAD61000A28B44 /* Debug */ = {
			isa = XCBuildConfiguration;
			buildSettings = {
				ALWAYS_SEARCH_USER_PATHS = NO;
				CLANG_CXX_LANGUAGE_STANDARD = "gnu++0x";
				CLANG_CXX_LIBRARY = "libc++";
				CLANG_ENABLE_MODULES = YES;
				CLANG_ENABLE_OBJC_ARC = YES;
				CLANG_WARN_BOOL_CONVERSION = YES;
				CLANG_WARN_CONSTANT_CONVERSION = YES;
				CLANG_WARN_DIRECT_OBJC_ISA_USAGE = YES_ERROR;
				CLANG_WARN_EMPTY_BODY = YES;
				CLANG_WARN_ENUM_CONVERSION = YES;
				CLANG_WARN_INT_CONVERSION = YES;
				CLANG_WARN_OBJC_ROOT_CLASS = YES_ERROR;
				CLANG_WARN__DUPLICATE_METHOD_MATCH = YES;
				"CODE_SIGN_IDENTITY[sdk=iphoneos*]" = "iPhone Developer";
				COPY_PHASE_STRIP = NO;
				GCC_C_LANGUAGE_STANDARD = gnu99;
				GCC_DYNAMIC_NO_PIC = NO;
				GCC_OPTIMIZATION_LEVEL = 0;
				GCC_PREPROCESSOR_DEFINITIONS = (
					"DEBUG=1",
					"$(inherited)",
				);
				GCC_SYMBOLS_PRIVATE_EXTERN = NO;
				GCC_WARN_64_TO_32_BIT_CONVERSION = YES;
				GCC_WARN_ABOUT_RETURN_TYPE = YES_ERROR;
				GCC_WARN_UNDECLARED_SELECTOR = YES;
				GCC_WARN_UNINITIALIZED_AUTOS = YES_AGGRESSIVE;
				GCC_WARN_UNUSED_FUNCTION = YES;
				GCC_WARN_UNUSED_VARIABLE = YES;
				IPHONEOS_DEPLOYMENT_TARGET = 7.1;
				ONLY_ACTIVE_ARCH = YES;
				SDKROOT = iphoneos;
			};
			name = Debug;
		};
		2F1D34D119BAD61000A28B44 /* Release */ = {
			isa = XCBuildConfiguration;
			buildSettings = {
				ALWAYS_SEARCH_USER_PATHS = NO;
				CLANG_CXX_LANGUAGE_STANDARD = "gnu++0x";
				CLANG_CXX_LIBRARY = "libc++";
				CLANG_ENABLE_MODULES = YES;
				CLANG_ENABLE_OBJC_ARC = YES;
				CLANG_WARN_BOOL_CONVERSION = YES;
				CLANG_WARN_CONSTANT_CONVERSION = YES;
				CLANG_WARN_DIRECT_OBJC_ISA_USAGE = YES_ERROR;
				CLANG_WARN_EMPTY_BODY = YES;
				CLANG_WARN_ENUM_CONVERSION = YES;
				CLANG_WARN_INT_CONVERSION = YES;
				CLANG_WARN_OBJC_ROOT_CLASS = YES_ERROR;
				CLANG_WARN__DUPLICATE_METHOD_MATCH = YES;
				"CODE_SIGN_IDENTITY[sdk=iphoneos*]" = "iPhone Developer";
				COPY_PHASE_STRIP = YES;
				ENABLE_NS_ASSERTIONS = NO;
				GCC_C_LANGUAGE_STANDARD = gnu99;
				GCC_WARN_64_TO_32_BIT_CONVERSION = YES;
				GCC_WARN_ABOUT_RETURN_TYPE = YES_ERROR;
				GCC_WARN_UNDECLARED_SELECTOR = YES;
				GCC_WARN_UNINITIALIZED_AUTOS = YES_AGGRESSIVE;
				GCC_WARN_UNUSED_FUNCTION = YES;
				GCC_WARN_UNUSED_VARIABLE = YES;
				IPHONEOS_DEPLOYMENT_TARGET = 7.1;
				SDKROOT = iphoneos;
				VALIDATE_PRODUCT = YES;
			};
			name = Release;
		};
		2F1D34D319BAD61000A28B44 /* Debug */ = {
			isa = XCBuildConfiguration;
			buildSettings = {
				ASSETCATALOG_COMPILER_APPICON_NAME = AppIcon;
				ASSETCATALOG_COMPILER_LAUNCHIMAGE_NAME = LaunchImage;
				GCC_PRECOMPILE_PREFIX_HEADER = YES;
				GCC_PREFIX_HEADER = "Gestures/Gestures-Prefix.pch";
				INFOPLIST_FILE = "Gestures/Gestures-Info.plist";
				PRODUCT_NAME = "$(TARGET_NAME)";
				WRAPPER_EXTENSION = app;
			};
			name = Debug;
		};
		2F1D34D419BAD61000A28B44 /* Release */ = {
			isa = XCBuildConfiguration;
			buildSettings = {
				ASSETCATALOG_COMPILER_APPICON_NAME = AppIcon;
				ASSETCATALOG_COMPILER_LAUNCHIMAGE_NAME = LaunchImage;
				GCC_PRECOMPILE_PREFIX_HEADER = YES;
				GCC_PREFIX_HEADER = "Gestures/Gestures-Prefix.pch";
				INFOPLIST_FILE = "Gestures/Gestures-Info.plist";
				PRODUCT_NAME = "$(TARGET_NAME)";
				WRAPPER_EXTENSION = app;
			};
			name = Release;
		};
		2F1D34D619BAD61000A28B44 /* Debug */ = {
			isa = XCBuildConfiguration;
			buildSettings = {
				BUNDLE_LOADER = "$(BUILT_PRODUCTS_DIR)/Gestures.app/Gestures";
				FRAMEWORK_SEARCH_PATHS = (
					"$(SDKROOT)/Developer/Library/Frameworks",
					"$(inherited)",
					"$(DEVELOPER_FRAMEWORKS_DIR)",
				);
				GCC_PRECOMPILE_PREFIX_HEADER = YES;
				GCC_PREFIX_HEADER = "Gestures/Gestures-Prefix.pch";
				GCC_PREPROCESSOR_DEFINITIONS = (
					"DEBUG=1",
					"$(inherited)",
				);
				INFOPLIST_FILE = "GesturesTests/GesturesTests-Info.plist";
				PRODUCT_NAME = "$(TARGET_NAME)";
				TEST_HOST = "$(BUNDLE_LOADER)";
				WRAPPER_EXTENSION = xctest;
			};
			name = Debug;
		};
		2F1D34D719BAD61000A28B44 /* Release */ = {
			isa = XCBuildConfiguration;
			buildSettings = {
				BUNDLE_LOADER = "$(BUILT_PRODUCTS_DIR)/Gestures.app/Gestures";
				FRAMEWORK_SEARCH_PATHS = (
					"$(SDKROOT)/Developer/Library/Frameworks",
					"$(inherited)",
					"$(DEVELOPER_FRAMEWORKS_DIR)",
				);
				GCC_PRECOMPILE_PREFIX_HEADER = YES;
				GCC_PREFIX_HEADER = "Gestures/Gestures-Prefix.pch";
				INFOPLIST_FILE = "GesturesTests/GesturesTests-Info.plist";
				PRODUCT_NAME = "$(TARGET_NAME)";
				TEST_HOST = "$(BUNDLE_LOADER)";
				WRAPPER_EXTENSION = xctest;
			};
			name = Release;
		};
/* End XCBuildConfiguration section */

/* Begin XCConfigurationList section */
		2F1D349B19BAD61000A28B44 /* Build configuration list for PBXProject "Gestures" */ = {
			isa = XCConfigurationList;
			buildConfigurations = (
				2F1D34D019BAD61000A28B44 /* Debug */,
				2F1D34D119BAD61000A28B44 /* Release */,
			);
			defaultConfigurationIsVisible = 0;
			defaultConfigurationName = Release;
		};
		2F1D34D219BAD61000A28B44 /* Build configuration list for PBXNativeTarget "Gestures" */ = {
			isa = XCConfigurationList;
			buildConfigurations = (
				2F1D34D319BAD61000A28B44 /* Debug */,
				2F1D34D419BAD61000A28B44 /* Release */,
			);
			defaultConfigurationIsVisible = 0;
		};
		2F1D34D519BAD61000A28B44 /* Build configuration list for PBXNativeTarget "GesturesTests" */ = {
			isa = XCConfigurationList;
			buildConfigurations = (
				2F1D34D619BAD61000A28B44 /* Debug */,
				2F1D34D719BAD61000A28B44 /* Release */,
			);
			defaultConfigurationIsVisible = 0;
		};
/* End XCConfigurationList section */
	};
	rootObject = 2F1D349819BAD61000A28B44 /* Project object */;
}
